
Microsoft Visual Studio Solution File, Format Version 12.00
# Visual Studio Version 17
VisualStudioVersion = 17.2.32616.157
MinimumVisualStudioVersion = 10.0.40219.1
Project("{FAE04EC0-301F-11D3-BF4B-00C04F79EFBC}") = "ProjectDB", "ProjectDB\ProjectDB.csproj", "{424B04C7-4398-457D-BBDC-245C95BB2240}"
EndProject
Global
	GlobalSection(SolutionConfigurationPlatforms) = preSolution
		Debug|Any CPU = Debug|Any CPU
		Release|Any CPU = Release|Any CPU
	EndGlobalSection
	GlobalSection(ProjectConfigurationPlatforms) = postSolution
		{424B04C7-4398-457D-BBDC-245C95BB2240}.Debug|Any CPU.ActiveCfg = Debug|Any CPU
		{424B04C7-4398-457D-BBDC-245C95BB2240}.Debug|Any CPU.Build.0 = Debug|Any CPU
		{424B04C7-4398-457D-BBDC-245C95BB2240}.Release|Any CPU.ActiveCfg = Release|Any CPU
		{424B04C7-4398-457D-BBDC-245C95BB2240}.Release|Any CPU.Build.0 = Release|Any CPU
	EndGlobalSection
	GlobalSection(SolutionProperties) = preSolution
		HideSolutionNode = FALSE
	EndGlobalSection
	GlobalSection(ExtensibilityGlobals) = postSolution
		SolutionGuid = {0738A444-ECA4-4361-8F32-C78202643AEF}
	EndGlobalSection
EndGlobal
